
Microsoft Visual Studio Solution File, Format Version 12.00
# Visual Studio Version 17
VisualStudioVersion = 17.0.31903.59
MinimumVisualStudioVersion = 10.0.40219.1
Project("{2150E333-8FDC-42A3-9474-1A3956D46DE8}") = "src", "src", "{F190F114-F79F-47B4-A5FE-EB7078B4F8DF}"
EndProject
Project("{2150E333-8FDC-42A3-9474-1A3956D46DE8}") = "BuildingBlocks", "BuildingBlocks", "{F36C993E-BD34-4ACB-9121-E87F0EB24351}"
EndProject
Project("{FAE04EC0-301F-11D3-BF4B-00C04F79EFBC}") = "CommonContracts", "src\BuildingBlocks\CommonContracts\CommonContracts.csproj", "{AF576B94-0CA7-4F1C-AC40-75213F8F1DA7}"
EndProject
Project("{FAE04EC0-301F-11D3-BF4B-00C04F79EFBC}") = "EventBus", "src\BuildingBlocks\EventBus\EventBus.csproj", "{60066E2B-1553-42C5-93A0-C5511CDCB701}"
EndProject
Project("{2150E333-8FDC-42A3-9474-1A3956D46DE8}") = "AuthService", "AuthService", "{A74B1A5E-71F6-43D0-AC10-F2D831C8CA06}"
EndProject
Project("{FAE04EC0-301F-11D3-BF4B-00C04F79EFBC}") = "AuthService.Api", "src\Services\AuthService\AuthService.Api\AuthService.Api.csproj", "{24C42FB8-1322-4C5A-A657-7EB1E35269C3}"
EndProject
Project("{FAE04EC0-301F-11D3-BF4B-00C04F79EFBC}") = "AuthService.Domain", "src\Services\AuthService\AuthService.Domain\AuthService.Domain.csproj", "{E754B3AC-CF0A-44D7-B3E0-A853FC2F15C7}"
EndProject
Project("{FAE04EC0-301F-11D3-BF4B-00C04F79EFBC}") = "AuthService.Infrastructure", "src\Services\AuthService\AuthService.Infrastructure\AuthService.Infrastructure.csproj", "{5078DB2B-1EAB-4576-9527-F32C6EB3857B}"
EndProject
Project("{2150E333-8FDC-42A3-9474-1A3956D46DE8}") = "UserService", "UserService", "{919DD523-B139-4996-B8E6-1FF6D098FE6B}"
EndProject
Project("{FAE04EC0-301F-11D3-BF4B-00C04F79EFBC}") = "UserService.Api", "src\Services\UserService\UserService.Api\UserService.Api.csproj", "{EA44D81C-1C87-4A2A-9FC9-325B337873BF}"
EndProject
Project("{FAE04EC0-301F-11D3-BF4B-00C04F79EFBC}") = "UserService.Domain", "src\Services\UserService\UserService.Domain\UserService.Domain.csproj", "{2E4BFF59-1671-47FC-93C6-4EE0FB0353F2}"
EndProject
Project("{FAE04EC0-301F-11D3-BF4B-00C04F79EFBC}") = "UserService.Infrastructure", "src\Services\UserService\UserService.Infrastructure\UserService.Infrastructure.csproj", "{2EAF1314-D09E-4201-B52B-1448EE7F6C0F}"
EndProject
Project("{2150E333-8FDC-42A3-9474-1A3956D46DE8}") = "ProjectService", "ProjectService", "{8A8D71A1-372B-4AD3-B2B5-26374937E5CD}"
EndProject
Project("{FAE04EC0-301F-11D3-BF4B-00C04F79EFBC}") = "ProjectService.Api", "src\Services\ProjectService\ProjectService.Api\ProjectService.Api.csproj", "{39325FC2-579D-4FA9-BF50-C45E05BDE85B}"
EndProject
Project("{FAE04EC0-301F-11D3-BF4B-00C04F79EFBC}") = "ProjectService.Domain", "src\Services\ProjectService\ProjectService.Domain\ProjectService.Domain.csproj", "{C1299B75-05AC-4E98-A77E-4344EB85CD05}"
EndProject
Project("{FAE04EC0-301F-11D3-BF4B-00C04F79EFBC}") = "ProjectService.Infrastructure", "src\Services\ProjectService\ProjectService.Infrastructure\ProjectService.Infrastructure.csproj", "{14083803-F0EF-4633-9D39-1EF562376633}"
EndProject
Project("{2150E333-8FDC-42A3-9474-1A3956D46DE8}") = "GatewayService", "GatewayService", "{E6F8D74B-1D55-4311-8832-6D8E5DA9BEB2}"
EndProject
Project("{FAE04EC0-301F-11D3-BF4B-00C04F79EFBC}") = "GatewayService.Api", "src\Gateway\GatewayService.Api\GatewayService.Api.csproj", "{3CCC44C6-A02F-46FB-8D3F-019D0AD6A8D3}"
EndProject
Project("{2150E333-8FDC-42A3-9474-1A3956D46DE8}") = "tests", "tests", "{6429A45B-AB03-4A22-BE72-D97AC706697E}"
EndProject
Project("{FAE04EC0-301F-11D3-BF4B-00C04F79EFBC}") = "AuthService.Tests", "tests\AuthService.Tests\AuthService.Tests.csproj", "{02C7CD73-916F-46C0-A1BF-7C0964059534}"
EndProject
Global
	GlobalSection(SolutionConfigurationPlatforms) = preSolution
		Debug|Any CPU = Debug|Any CPU
		Release|Any CPU = Release|Any CPU
	EndGlobalSection
	GlobalSection(SolutionProperties) = preSolution
		HideSolutionNode = FALSE
	EndGlobalSection
	GlobalSection(ProjectConfigurationPlatforms) = postSolution
		{AF576B94-0CA7-4F1C-AC40-75213F8F1DA7}.Debug|Any CPU.ActiveCfg = Debug|Any CPU
		{AF576B94-0CA7-4F1C-AC40-75213F8F1DA7}.Debug|Any CPU.Build.0 = Debug|Any CPU
		{AF576B94-0CA7-4F1C-AC40-75213F8F1DA7}.Release|Any CPU.ActiveCfg = Release|Any CPU
		{AF576B94-0CA7-4F1C-AC40-75213F8F1DA7}.Release|Any CPU.Build.0 = Release|Any CPU
		{60066E2B-1553-42C5-93A0-C5511CDCB701}.Debug|Any CPU.ActiveCfg = Debug|Any CPU
		{60066E2B-1553-42C5-93A0-C5511CDCB701}.Debug|Any CPU.Build.0 = Debug|Any CPU
		{60066E2B-1553-42C5-93A0-C5511CDCB701}.Release|Any CPU.ActiveCfg = Release|Any CPU
		{60066E2B-1553-42C5-93A0-C5511CDCB701}.Release|Any CPU.Build.0 = Release|Any CPU
		{24C42FB8-1322-4C5A-A657-7EB1E35269C3}.Debug|Any CPU.ActiveCfg = Debug|Any CPU
		{24C42FB8-1322-4C5A-A657-7EB1E35269C3}.Debug|Any CPU.Build.0 = Debug|Any CPU
		{24C42FB8-1322-4C5A-A657-7EB1E35269C3}.Release|Any CPU.ActiveCfg = Release|Any CPU
		{24C42FB8-1322-4C5A-A657-7EB1E35269C3}.Release|Any CPU.Build.0 = Release|Any CPU
		{E754B3AC-CF0A-44D7-B3E0-A853FC2F15C7}.Debug|Any CPU.ActiveCfg = Debug|Any CPU
		{E754B3AC-CF0A-44D7-B3E0-A853FC2F15C7}.Debug|Any CPU.Build.0 = Debug|Any CPU
		{E754B3AC-CF0A-44D7-B3E0-A853FC2F15C7}.Release|Any CPU.ActiveCfg = Release|Any CPU
		{E754B3AC-CF0A-44D7-B3E0-A853FC2F15C7}.Release|Any CPU.Build.0 = Release|Any CPU
		{5078DB2B-1EAB-4576-9527-F32C6EB3857B}.Debug|Any CPU.ActiveCfg = Debug|Any CPU
		{5078DB2B-1EAB-4576-9527-F32C6EB3857B}.Debug|Any CPU.Build.0 = Debug|Any CPU
		{5078DB2B-1EAB-4576-9527-F32C6EB3857B}.Release|Any CPU.ActiveCfg = Release|Any CPU
		{5078DB2B-1EAB-4576-9527-F32C6EB3857B}.Release|Any CPU.Build.0 = Release|Any CPU
		{EA44D81C-1C87-4A2A-9FC9-325B337873BF}.Debug|Any CPU.ActiveCfg = Debug|Any CPU
		{EA44D81C-1C87-4A2A-9FC9-325B337873BF}.Debug|Any CPU.Build.0 = Debug|Any CPU
		{EA44D81C-1C87-4A2A-9FC9-325B337873BF}.Release|Any CPU.ActiveCfg = Release|Any CPU
		{EA44D81C-1C87-4A2A-9FC9-325B337873BF}.Release|Any CPU.Build.0 = Release|Any CPU
		{2E4BFF59-1671-47FC-93C6-4EE0FB0353F2}.Debug|Any CPU.ActiveCfg = Debug|Any CPU
		{2E4BFF59-1671-47FC-93C6-4EE0FB0353F2}.Debug|Any CPU.Build.0 = Debug|Any CPU
		{2E4BFF59-1671-47FC-93C6-4EE0FB0353F2}.Release|Any CPU.ActiveCfg = Release|Any CPU
		{2E4BFF59-1671-47FC-93C6-4EE0FB0353F2}.Release|Any CPU.Build.0 = Release|Any CPU
		{2EAF1314-D09E-4201-B52B-1448EE7F6C0F}.Debug|Any CPU.ActiveCfg = Debug|Any CPU
		{2EAF1314-D09E-4201-B52B-1448EE7F6C0F}.Debug|Any CPU.Build.0 = Debug|Any CPU
		{2EAF1314-D09E-4201-B52B-1448EE7F6C0F}.Release|Any CPU.ActiveCfg = Release|Any CPU
		{2EAF1314-D09E-4201-B52B-1448EE7F6C0F}.Release|Any CPU.Build.0 = Release|Any CPU
		{39325FC2-579D-4FA9-BF50-C45E05BDE85B}.Debug|Any CPU.ActiveCfg = Debug|Any CPU
		{39325FC2-579D-4FA9-BF50-C45E05BDE85B}.Debug|Any CPU.Build.0 = Debug|Any CPU
		{39325FC2-579D-4FA9-BF50-C45E05BDE85B}.Release|Any CPU.ActiveCfg = Release|Any CPU
		{39325FC2-579D-4FA9-BF50-C45E05BDE85B}.Release|Any CPU.Build.0 = Release|Any CPU
		{C1299B75-05AC-4E98-A77E-4344EB85CD05}.Debug|Any CPU.ActiveCfg = Debug|Any CPU
		{C1299B75-05AC-4E98-A77E-4344EB85CD05}.Debug|Any CPU.Build.0 = Debug|Any CPU
		{C1299B75-05AC-4E98-A77E-4344EB85CD05}.Release|Any CPU.ActiveCfg = Release|Any CPU
		{C1299B75-05AC-4E98-A77E-4344EB85CD05}.Release|Any CPU.Build.0 = Release|Any CPU
		{14083803-F0EF-4633-9D39-1EF562376633}.Debug|Any CPU.ActiveCfg = Debug|Any CPU
		{14083803-F0EF-4633-9D39-1EF562376633}.Debug|Any CPU.Build.0 = Debug|Any CPU
		{14083803-F0EF-4633-9D39-1EF562376633}.Release|Any CPU.ActiveCfg = Release|Any CPU
		{14083803-F0EF-4633-9D39-1EF562376633}.Release|Any CPU.Build.0 = Release|Any CPU
		{3CCC44C6-A02F-46FB-8D3F-019D0AD6A8D3}.Debug|Any CPU.ActiveCfg = Debug|Any CPU
		{3CCC44C6-A02F-46FB-8D3F-019D0AD6A8D3}.Debug|Any CPU.Build.0 = Debug|Any CPU
		{3CCC44C6-A02F-46FB-8D3F-019D0AD6A8D3}.Release|Any CPU.ActiveCfg = Release|Any CPU
		{3CCC44C6-A02F-46FB-8D3F-019D0AD6A8D3}.Release|Any CPU.Build.0 = Release|Any CPU
		{02C7CD73-916F-46C0-A1BF-7C0964059534}.Debug|Any CPU.ActiveCfg = Debug|Any CPU
		{02C7CD73-916F-46C0-A1BF-7C0964059534}.Debug|Any CPU.Build.0 = Debug|Any CPU
		{02C7CD73-916F-46C0-A1BF-7C0964059534}.Release|Any CPU.ActiveCfg = Release|Any CPU
		{02C7CD73-916F-46C0-A1BF-7C0964059534}.Release|Any CPU.Build.0 = Release|Any CPU
	EndGlobalSection
	GlobalSection(NestedProjects) = preSolution
		{F36C993E-BD34-4ACB-9121-E87F0EB24351} = {F190F114-F79F-47B4-A5FE-EB7078B4F8DF}
		{AF576B94-0CA7-4F1C-AC40-75213F8F1DA7} = {F36C993E-BD34-4ACB-9121-E87F0EB24351}
		{60066E2B-1553-42C5-93A0-C5511CDCB701} = {F36C993E-BD34-4ACB-9121-E87F0EB24351}
		{A74B1A5E-71F6-43D0-AC10-F2D831C8CA06} = {F190F114-F79F-47B4-A5FE-EB7078B4F8DF}
		{24C42FB8-1322-4C5A-A657-7EB1E35269C3} = {A74B1A5E-71F6-43D0-AC10-F2D831C8CA06}
		{E754B3AC-CF0A-44D7-B3E0-A853FC2F15C7} = {A74B1A5E-71F6-43D0-AC10-F2D831C8CA06}
		{5078DB2B-1EAB-4576-9527-F32C6EB3857B} = {A74B1A5E-71F6-43D0-AC10-F2D831C8CA06}
		{919DD523-B139-4996-B8E6-1FF6D098FE6B} = {F190F114-F79F-47B4-A5FE-EB7078B4F8DF}
		{EA44D81C-1C87-4A2A-9FC9-325B337873BF} = {919DD523-B139-4996-B8E6-1FF6D098FE6B}
		{2E4BFF59-1671-47FC-93C6-4EE0FB0353F2} = {919DD523-B139-4996-B8E6-1FF6D098FE6B}
		{2EAF1314-D09E-4201-B52B-1448EE7F6C0F} = {919DD523-B139-4996-B8E6-1FF6D098FE6B}
		{8A8D71A1-372B-4AD3-B2B5-26374937E5CD} = {F190F114-F79F-47B4-A5FE-EB7078B4F8DF}
		{39325FC2-579D-4FA9-BF50-C45E05BDE85B} = {8A8D71A1-372B-4AD3-B2B5-26374937E5CD}
		{C1299B75-05AC-4E98-A77E-4344EB85CD05} = {8A8D71A1-372B-4AD3-B2B5-26374937E5CD}
		{14083803-F0EF-4633-9D39-1EF562376633} = {8A8D71A1-372B-4AD3-B2B5-26374937E5CD}
		{E6F8D74B-1D55-4311-8832-6D8E5DA9BEB2} = {F190F114-F79F-47B4-A5FE-EB7078B4F8DF}
		{3CCC44C6-A02F-46FB-8D3F-019D0AD6A8D3} = {E6F8D74B-1D55-4311-8832-6D8E5DA9BEB2}
		{02C7CD73-916F-46C0-A1BF-7C0964059534} = {6429A45B-AB03-4A22-BE72-D97AC706697E}
	EndGlobalSection
EndGlobal
