Microsoft Visual Studio Solution File, Format Version 12.00
# Visual Studio Version 17
VisualStudioVersion = 17.0.31903.59
MinimumVisualStudioVersion = 10.0.40219.1
Project("{2150E333-8FDC-42A3-9474-1A3956D46DE8}") = "src", "src", "{F190F114-F79F-47B4-A5FE-EB7078B4F8DF}"
EndProject
Project("{2150E333-8FDC-42A3-9474-1A3956D46DE8}") = "BuildingBlocks", "BuildingBlocks", "{F36C993E-BD34-4ACB-9121-E87F0EB24351}"
EndProject
Project("{FAE04EC0-301F-11D3-BF4B-00C04F79EFBC}") = "CommonContracts", "src\BuildingBlocks\CommonContracts\CommonContracts.csproj", "{AF576B94-0CA7-4F1C-AC40-75213F8F1DA7}"
EndProject
Project("{FAE04EC0-301F-11D3-BF4B-00C04F79EFBC}") = "EventBus", "src\BuildingBlocks\EventBus\EventBus.csproj", "{60066E2B-1553-42C5-93A0-C5511CDCB701}"
EndProject
Project("{2150E333-8FDC-42A3-9474-1A3956D46DE8}") = "UserService", "UserService", "{919DD523-B139-4996-B8E6-1FF6D098FE6B}"
EndProject
Project("{FAE04EC0-301F-11D3-BF4B-00C04F79EFBC}") = "UserService.Api", "src\Services\UserService\UserService.Api\UserService.Api.csproj", "{EA44D81C-1C87-4A2A-9FC9-325B337873BF}"
EndProject
Project("{FAE04EC0-301F-11D3-BF4B-00C04F79EFBC}") = "UserService.Domain", "src\Services\UserService\UserService.Domain\UserService.Domain.csproj", "{2E4BFF59-1671-47FC-93C6-4EE0FB0353F2}"
EndProject
Project("{FAE04EC0-301F-11D3-BF4B-00C04F79EFBC}") = "UserService.DAL", "src\Services\UserService\UserService.DAL\UserService.DAL.csproj", "{2EAF1314-D09E-4201-B52B-1448EE7F6C0F}"
EndProject
Project("{2150E333-8FDC-42A3-9474-1A3956D46DE8}") = "ProjectService", "ProjectService", "{8A8D71A1-372B-4AD3-B2B5-26374937E5CD}"
EndProject
Project("{FAE04EC0-301F-11D3-BF4B-00C04F79EFBC}") = "ProjectService.Core", "src\Services\ProjectService\Core\Core.csproj", "{FA64A24E-D404-4E7D-89A8-B87E134F697F}"
EndProject
Project("{FAE04EC0-301F-11D3-BF4B-00C04F79EFBC}") = "ProjectService.DataAccess", "src\Services\ProjectService\DataAccess\DataAccess.csproj", "{D7E675A3-9872-47D6-B906-797B7B866534}"
EndProject
Project("{FAE04EC0-301F-11D3-BF4B-00C04F79EFBC}") = "ProjectService.WebHost", "src\Services\ProjectService\WebHost\WebHost.csproj", "{C086AC72-ADC7-432C-99D8-A8D60A0B44CA}"
EndProject
Project("{2150E333-8FDC-42A3-9474-1A3956D46DE8}") = "GatewayService", "GatewayService", "{E6F8D74B-1D55-4311-8832-6D8E5DA9BEB2}"
EndProject
Project("{FAE04EC0-301F-11D3-BF4B-00C04F79EFBC}") = "GatewayService.Api", "src\Gateway\GatewayService.Api\GatewayService.Api.csproj", "{3CCC44C6-A02F-46FB-8D3F-019D0AD6A8D3}"
EndProject
Project("{2150E333-8FDC-42A3-9474-1A3956D46DE8}") = "tests", "tests", "{6429A45B-AB03-4A22-BE72-D97AC706697E}"
EndProject
Global
	GlobalSection(SolutionConfigurationPlatforms) = preSolution
		Debug|Any CPU = Debug|Any CPU
		Release|Any CPU = Release|Any CPU
	EndGlobalSection
	GlobalSection(SolutionProperties) = preSolution
		HideSolutionNode = FALSE
	EndGlobalSection
	GlobalSection(ProjectConfigurationPlatforms) = postSolution
		{AF576B94-0CA7-4F1C-AC40-75213F8F1DA7}.Debug|Any CPU.ActiveCfg = Debug|Any CPU
		{AF576B94-0CA7-4F1C-AC40-75213F8F1DA7}.Debug|Any CPU.Build.0 = Debug|Any CPU
		{AF576B94-0CA7-4F1C-AC40-75213F8F1DA7}.Release|Any CPU.ActiveCfg = Release|Any CPU
		{AF576B94-0CA7-4F1C-AC40-75213F8F1DA7}.Release|Any CPU.Build.0 = Release|Any CPU
		{60066E2B-1553-42C5-93A0-C5511CDCB701}.Debug|Any CPU.ActiveCfg = Debug|Any CPU
		{60066E2B-1553-42C5-93A0-C5511CDCB701}.Debug|Any CPU.Build.0 = Debug|Any CPU
		{60066E2B-1553-42C5-93A0-C5511CDCB701}.Release|Any CPU.ActiveCfg = Release|Any CPU
		{60066E2B-1553-42C5-93A0-C5511CDCB701}.Release|Any CPU.Build.0 = Release|Any CPU
		{EA44D81C-1C87-4A2A-9FC9-325B337873BF}.Debug|Any CPU.ActiveCfg = Debug|Any CPU
		{EA44D81C-1C87-4A2A-9FC9-325B337873BF}.Debug|Any CPU.Build.0 = Debug|Any CPU
		{EA44D81C-1C87-4A2A-9FC9-325B337873BF}.Release|Any CPU.ActiveCfg = Release|Any CPU
		{EA44D81C-1C87-4A2A-9FC9-325B337873BF}.Release|Any CPU.Build.0 = Release|Any CPU
		{2E4BFF59-1671-47FC-93C6-4EE0FB0353F2}.Debug|Any CPU.ActiveCfg = Debug|Any CPU
		{2E4BFF59-1671-47FC-93C6-4EE0FB0353F2}.Debug|Any CPU.Build.0 = Debug|Any CPU
		{2E4BFF59-1671-47FC-93C6-4EE0FB0353F2}.Release|Any CPU.ActiveCfg = Release|Any CPU
		{2E4BFF59-1671-47FC-93C6-4EE0FB0353F2}.Release|Any CPU.Build.0 = Release|Any CPU
		{2EAF1314-D09E-4201-B52B-1448EE7F6C0F}.Debug|Any CPU.ActiveCfg = Debug|Any CPU
		{2EAF1314-D09E-4201-B52B-1448EE7F6C0F}.Debug|Any CPU.Build.0 = Debug|Any CPU
		{2EAF1314-D09E-4201-B52B-1448EE7F6C0F}.Release|Any CPU.ActiveCfg = Release|Any CPU
		{2EAF1314-D09E-4201-B52B-1448EE7F6C0F}.Release|Any CPU.Build.0 = Release|Any CPU
		{FA64A24E-D404-4E7D-89A8-B87E134F697F}.Debug|Any CPU.ActiveCfg = Debug|Any CPU
		{FA64A24E-D404-4E7D-89A8-B87E134F697F}.Debug|Any CPU.Build.0 = Debug|Any CPU
		{FA64A24E-D404-4E7D-89A8-B87E134F697F}.Release|Any CPU.ActiveCfg = Release|Any CPU
		{FA64A24E-D404-4E7D-89A8-B87E134F697F}.Release|Any CPU.Build.0 = Release|Any CPU
		{D7E675A3-9872-47D6-B906-797B7B866534}.Debug|Any CPU.ActiveCfg = Debug|Any CPU
		{D7E675A3-9872-47D6-B906-797B7B866534}.Debug|Any CPU.Build.0 = Debug|Any CPU
		{D7E675A3-9872-47D6-B906-797B7B866534}.Release|Any CPU.ActiveCfg = Release|Any CPU
		{D7E675A3-9872-47D6-B906-797B7B866534}.Release|Any CPU.Build.0 = Release|Any CPU
		{C086AC72-ADC7-432C-99D8-A8D60A0B44CA}.Debug|Any CPU.ActiveCfg = Debug|Any CPU
		{C086AC72-ADC7-432C-99D8-A8D60A0B44CA}.Debug|Any CPU.Build.0 = Debug|Any CPU
		{C086AC72-ADC7-432C-99D8-A8D60A0B44CA}.Release|Any CPU.ActiveCfg = Release|Any CPU
		{C086AC72-ADC7-432C-99D8-A8D60A0B44CA}.Release|Any CPU.Build.0 = Release|Any CPU
		{3CCC44C6-A02F-46FB-8D3F-019D0AD6A8D3}.Debug|Any CPU.ActiveCfg = Debug|Any CPU
		{3CCC44C6-A02F-46FB-8D3F-019D0AD6A8D3}.Debug|Any CPU.Build.0 = Debug|Any CPU
		{3CCC44C6-A02F-46FB-8D3F-019D0AD6A8D3}.Release|Any CPU.ActiveCfg = Release|Any CPU
		{3CCC44C6-A02F-46FB-8D3F-019D0AD6A8D3}.Release|Any CPU.Build.0 = Release|Any CPU
	EndGlobalSection
	GlobalSection(NestedProjects) = preSolution
		{F36C993E-BD34-4ACB-9121-E87F0EB24351} = {F190F114-F79F-47B4-A5FE-EB7078B4F8DF}
		{AF576B94-0CA7-4F1C-AC40-75213F8F1DA7} = {F36C993E-BD34-4ACB-9121-E87F0EB24351}
		{60066E2B-1553-42C5-93A0-C5511CDCB701} = {F36C993E-BD34-4ACB-9121-E87F0EB24351}
		{919DD523-B139-4996-B8E6-1FF6D098FE6B} = {F190F114-F79F-47B4-A5FE-EB7078B4F8DF}
		{EA44D81C-1C87-4A2A-9FC9-325B337873BF} = {919DD523-B139-4996-B8E6-1FF6D098FE6B}
		{2E4BFF59-1671-47FC-93C6-4EE0FB0353F2} = {919DD523-B139-4996-B8E6-1FF6D098FE6B}
		{2EAF1314-D09E-4201-B52B-1448EE7F6C0F} = {919DD523-B139-4996-B8E6-1FF6D098FE6B}
		{8A8D71A1-372B-4AD3-B2B5-26374937E5CD} = {F190F114-F79F-47B4-A5FE-EB7078B4F8DF}
		{FA64A24E-D404-4E7D-89A8-B87E134F697F} = {8A8D71A1-372B-4AD3-B2B5-26374937E5CD}
		{D7E675A3-9872-47D6-B906-797B7B866534} = {8A8D71A1-372B-4AD3-B2B5-26374937E5CD}
		{C086AC72-ADC7-432C-99D8-A8D60A0B44CA} = {8A8D71A1-372B-4AD3-B2B5-26374937E5CD}
		{E6F8D74B-1D55-4311-8832-6D8E5DA9BEB2} = {F190F114-F79F-47B4-A5FE-EB7078B4F8DF}
		{3CCC44C6-A02F-46FB-8D3F-019D0AD6A8D3} = {E6F8D74B-1D55-4311-8832-6D8E5DA9BEB2}
		{6429A45B-AB03-4A22-BE72-D97AC706697E} = {F190F114-F79F-47B4-A5FE-EB7078B4F8DF}
	EndGlobalSection
EndGlobal
